{
  "lockFileVersion": 18,
  "registryFileHashes": {
    "https://bcr.bazel.build/bazel_registry.json": "8a28e4aff06ee60aed2a8c281907fb8bcbf3b753c91fb5a5c57da3215d5b3497",
    "https://bcr.bazel.build/modules/abseil-cpp/20210324.2/MODULE.bazel": "7cd0312e064fde87c8d1cd79ba06c876bd23630c83466e9500321be55c96ace2",
    "https://bcr.bazel.build/modules/abseil-cpp/20211102.0/MODULE.bazel": "70390338f7a5106231d20620712f7cccb659cd0e9d073d1991c038eb9fc57589",
    "https://bcr.bazel.build/modules/abseil-cpp/20230125.1/MODULE.bazel": "89047429cb0207707b2dface14ba7f8df85273d484c2572755be4bab7ce9c3a0",
    "https://bcr.bazel.build/modules/abseil-cpp/20230802.0.bcr.1/MODULE.bazel": "1c8cec495288dccd14fdae6e3f95f772c1c91857047a098fad772034264cc8cb",
    "https://bcr.bazel.build/modules/abseil-cpp/20230802.0/MODULE.bazel": "d253ae36a8bd9ee3c5955384096ccb6baf16a1b1e93e858370da0a3b94f77c16",
    "https://bcr.bazel.build/modules/abseil-cpp/20230802.1/MODULE.bazel": "fa92e2eb41a04df73cdabeec37107316f7e5272650f81d6cc096418fe647b915",
    "https://bcr.bazel.build/modules/abseil-cpp/20240116.1/MODULE.bazel": "37bcdb4440fbb61df6a1c296ae01b327f19e9bb521f9b8e26ec854b6f97309ed",
    "https://bcr.bazel.build/modules/abseil-cpp/20240116.1/source.json": "9be551b8d4e3ef76875c0d744b5d6a504a27e3ae67bc6b28f46415fd2d2957da",
    "https://bcr.bazel.build/modules/bazel_features/1.1.1/MODULE.bazel": "27b8c79ef57efe08efccbd9dd6ef70d61b4798320b8d3c134fd571f78963dbcd",
    "https://bcr.bazel.build/modules/bazel_features/1.11.0/MODULE.bazel": "f9382337dd5a474c3b7d334c2f83e50b6eaedc284253334cf823044a26de03e8",
    "https://bcr.bazel.build/modules/bazel_features/1.15.0/MODULE.bazel": "d38ff6e517149dc509406aca0db3ad1efdd890a85e049585b7234d04238e2a4d",
    "https://bcr.bazel.build/modules/bazel_features/1.17.0/MODULE.bazel": "039de32d21b816b47bd42c778e0454217e9c9caac4a3cf8e15c7231ee3ddee4d",
    "https://bcr.bazel.build/modules/bazel_features/1.18.0/MODULE.bazel": "1be0ae2557ab3a72a57aeb31b29be347bcdc5d2b1eb1e70f39e3851a7e97041a",
    "https://bcr.bazel.build/modules/bazel_features/1.19.0/MODULE.bazel": "59adcdf28230d220f0067b1f435b8537dd033bfff8db21335ef9217919c7fb58",
    "https://bcr.bazel.build/modules/bazel_features/1.21.0/MODULE.bazel": "675642261665d8eea09989aa3b8afb5c37627f1be178382c320d1b46afba5e3b",
    "https://bcr.bazel.build/modules/bazel_features/1.21.0/source.json": "3e8379efaaef53ce35b7b8ba419df829315a880cb0a030e5bb45c96d6d5ecb5f",
    "https://bcr.bazel.build/modules/bazel_features/1.4.1/MODULE.bazel": "e45b6bb2350aff3e442ae1111c555e27eac1d915e77775f6fdc4b351b758b5d7",
    "https://bcr.bazel.build/modules/bazel_features/1.9.1/MODULE.bazel": "8f679097876a9b609ad1f60249c49d68bfab783dd9be012faf9d82547b14815a",
    "https://bcr.bazel.build/modules/bazel_skylib/1.0.3/MODULE.bazel": "bcb0fd896384802d1ad283b4e4eb4d718eebd8cb820b0a2c3a347fb971afd9d8",
    "https://bcr.bazel.build/modules/bazel_skylib/1.1.1/MODULE.bazel": "1add3e7d93ff2e6998f9e118022c84d163917d912f5afafb3058e3d2f1545b5e",
    "https://bcr.bazel.build/modules/bazel_skylib/1.2.0/MODULE.bazel": "44fe84260e454ed94ad326352a698422dbe372b21a1ac9f3eab76eb531223686",
    "https://bcr.bazel.build/modules/bazel_skylib/1.2.1/MODULE.bazel": "f35baf9da0efe45fa3da1696ae906eea3d615ad41e2e3def4aeb4e8bc0ef9a7a",
    "https://bcr.bazel.build/modules/bazel_skylib/1.3.0/MODULE.bazel": "20228b92868bf5cfc41bda7afc8a8ba2a543201851de39d990ec957b513579c5",
    "https://bcr.bazel.build/modules/bazel_skylib/1.4.1/MODULE.bazel": "a0dcb779424be33100dcae821e9e27e4f2901d9dfd5333efe5ac6a8d7ab75e1d",
    "https://bcr.bazel.build/modules/bazel_skylib/1.4.2/MODULE.bazel": "3bd40978e7a1fac911d5989e6b09d8f64921865a45822d8b09e815eaa726a651",
    "https://bcr.bazel.build/modules/bazel_skylib/1.5.0/MODULE.bazel": "32880f5e2945ce6a03d1fbd588e9198c0a959bb42297b2cfaf1685b7bc32e138",
    "https://bcr.bazel.build/modules/bazel_skylib/1.6.1/MODULE.bazel": "8fdee2dbaace6c252131c00e1de4b165dc65af02ea278476187765e1a617b917",
    "https://bcr.bazel.build/modules/bazel_skylib/1.7.0/MODULE.bazel": "0db596f4563de7938de764cc8deeabec291f55e8ec15299718b93c4423e9796d",
    "https://bcr.bazel.build/modules/bazel_skylib/1.7.1/MODULE.bazel": "3120d80c5861aa616222ec015332e5f8d3171e062e3e804a2a0253e1be26e59b",
    "https://bcr.bazel.build/modules/bazel_skylib/1.7.1/source.json": "f121b43eeefc7c29efbd51b83d08631e2347297c95aac9764a701f2a6a2bb953",
    "https://bcr.bazel.build/modules/boost.algorithm/1.83.0/MODULE.bazel": "f5afbca8fe26f73016c040ae2525c8cfdfb7c7f8a0b2aa7412e08447a8bf76b4",
    "https://bcr.bazel.build/modules/boost.algorithm/1.83.0/source.json": "cbc02be90eedd45da42f55b7e352a3aeac56ae72f62237308b5e6e1733b2f2c5",
    "https://bcr.bazel.build/modules/boost.align/1.83.0/MODULE.bazel": "f014b34a4ea2b7ab03e54b59d1d899c8535d386029cfb7f040f0c6c50edbc8c6",
    "https://bcr.bazel.build/modules/boost.align/1.83.0/source.json": "9c3b540cda7ffef23c8949f1756065a677281fcc838529643a9ce3c488466977",
    "https://bcr.bazel.build/modules/boost.any/1.83.0/MODULE.bazel": "1bbd6c97c813734d118285cb50de463cc231ce59246563aa9aca1b2173ce7011",
    "https://bcr.bazel.build/modules/boost.any/1.83.0/source.json": "66cf8e4749f9a4848340c9d0a1e025df534595cc1d438be9807810dbd81b493b",
    "https://bcr.bazel.build/modules/boost.array/1.83.0/MODULE.bazel": "76bc954c31d8c840d89f347ec3d8f4542fc74229e9ab9d74b7e21342a8becd39",
    "https://bcr.bazel.build/modules/boost.array/1.83.0/source.json": "290ae86cfde54123f53501f354ac820ed535c13eb266d1f535d22a1072664a38",
    "https://bcr.bazel.build/modules/boost.assert/1.83.0/MODULE.bazel": "7b132fe0760e15733253280bd4b9e0c8867b6a8e27322d3def361cab7a729ac7",
    "https://bcr.bazel.build/modules/boost.assert/1.83.0/source.json": "235e9ee42c8a2a7e5062f8b3af87f5476d2d9720eaf3ef3a6097f14f8fc6d620",
    "https://bcr.bazel.build/modules/boost.atomic/1.83.0/MODULE.bazel": "9edb52f23c888005105c99ea028754c53e0e2cd5ff489f1731bccca246a169da",
    "https://bcr.bazel.build/modules/boost.atomic/1.83.0/source.json": "0ac6fe8c4bd7900d7529effa67a51a85fee571b697c6495603d08472e44fbb15",
    "https://bcr.bazel.build/modules/boost.bind/1.83.0/MODULE.bazel": "11e5db47f917eb4a0238e89bc0eda2b41a979682c679cc21209dbd347c3f4723",
    "https://bcr.bazel.build/modules/boost.bind/1.83.0/source.json": "d1fb5a10bb05111325d5225130a6944dd68c0763725846898395a5bc4eb12406",
    "https://bcr.bazel.build/modules/boost.chrono/1.83.0/MODULE.bazel": "ec96158d706e7801552faffb1e991defe81a53ea3b71f221226c007a11a7ebc1",
    "https://bcr.bazel.build/modules/boost.chrono/1.83.0/source.json": "50012012a0babf52dcf875ea2752a7479a2c91d6cb84be3ae25168cbc87e2319",
    "https://bcr.bazel.build/modules/boost.concept_check/1.83.0/MODULE.bazel": "a783fc53e77b42e8baa39a4e8f031d0dc2c87f2da386569bb9d46bc12a652c66",
    "https://bcr.bazel.build/modules/boost.concept_check/1.83.0/source.json": "3f90857a6a4e4f27c75a626b043f06ab5dc16d0a2e35fffe25c0674a39e86da2",
    "https://bcr.bazel.build/modules/boost.config/1.83.0/MODULE.bazel": "beb2e8899be8dc7e3fc2d5b6d5302e665f42be85046e60a955bcbd7ba8174bf8",
    "https://bcr.bazel.build/modules/boost.config/1.83.0/source.json": "a84ecd8d9258aec7405b9d8d6b5451dbe76434af58b35e80723f3748eb6e21ac",
    "https://bcr.bazel.build/modules/boost.container/1.83.0/MODULE.bazel": "a0e1669fca7a3e2f6cb719060d08c02dd41cdc2de45a714f329f6b7c3a05c1f7",
    "https://bcr.bazel.build/modules/boost.container/1.83.0/source.json": "0d22ce378a12f452f3906aad6faba2a90d08d6456951b6c05fadba3c11f62d9f",
    "https://bcr.bazel.build/modules/boost.container_hash/1.83.0/MODULE.bazel": "be8328ca4dcbe7832438eedf35607f277dd7b4372d75996f5287f40867d1cd2e",
    "https://bcr.bazel.build/modules/boost.container_hash/1.83.0/source.json": "1232744c4b594fdbe4212cbb4a7cc36712e7a4f2f016ded058b70a9a2c79dfe1",
    "https://bcr.bazel.build/modules/boost.conversion/1.83.0/MODULE.bazel": "d7c3ae92bb0e806da3174eeba584a66aa02a6677a3768eec62f89c7159b48723",
    "https://bcr.bazel.build/modules/boost.conversion/1.83.0/source.json": "9453ece73170783f07a35669a084a8aadc0915665763241026808815343a5544",
    "https://bcr.bazel.build/modules/boost.core/1.83.0/MODULE.bazel": "769d1faa7dc89832c1a435110a0b447b2e280b3da740ca1811711418fc2e476e",
    "https://bcr.bazel.build/modules/boost.core/1.83.0/source.json": "7f6c27fa9c637264919816139e731935e62bdb8651b2a82963c79f1282e0c8a7",
    "https://bcr.bazel.build/modules/boost.date_time/1.83.0/MODULE.bazel": "2ae9c5698e98883fceb9c7e1a72a05835c83192291bfaa14b5d7ecf8038bc0f6",
    "https://bcr.bazel.build/modules/boost.date_time/1.83.0/source.json": "09db18c93290d45a9140d2ba8fb6ad5b0437ea8831ee69d50048a4e97a9b9090",
    "https://bcr.bazel.build/modules/boost.describe/1.83.0/MODULE.bazel": "63ca2aa1c8f62e8a187767d294529f1a762d0f6a4bc1b6081c3e1af63458bac4",
    "https://bcr.bazel.build/modules/boost.describe/1.83.0/source.json": "8277c59cd40c272166ef2c4c7665ac27a6f9ea4ee0d2b187f65085e22901117b",
    "https://bcr.bazel.build/modules/boost.detail/1.83.0.bcr.1/MODULE.bazel": "f153ea62ea160af01a99f696f7b49063b7a029041e17f5c3960999b26f0150cf",
    "https://bcr.bazel.build/modules/boost.detail/1.83.0.bcr.1/source.json": "298a3bc674a58371d86bd439e2fa2232d62d82b968c104730a22fb1abc63b8bd",
    "https://bcr.bazel.build/modules/boost.detail/1.83.0/MODULE.bazel": "9bbd10b5c30d0c17908fd0c94e9a26f4899540d1c1a97088911d1195feb98da9",
    "https://bcr.bazel.build/modules/boost.endian/1.83.0/MODULE.bazel": "2fe0eef4efe2ad2a1862c97a5be6731a8867b1529d04f73feb1920a957d99c54",
    "https://bcr.bazel.build/modules/boost.endian/1.83.0/source.json": "845c4bffc852f24d8a48b982527e671ca4f8ffd2668a73bc09ea5a8f5fa2f41c",
    "https://bcr.bazel.build/modules/boost.exception/1.83.0/MODULE.bazel": "3cc2e06995cb92e329449793e389051035ec3516180aaec0bbfd36efc6c90d7b",
    "https://bcr.bazel.build/modules/boost.exception/1.83.0/source.json": "09d071c13a55cd740d2354729eb02cc716a2673c6e6030725690af16f32ad6fa",
    "https://bcr.bazel.build/modules/boost.filesystem/1.83.0/MODULE.bazel": "7ea0ee0a738740494995ab7415c7b70bf00cabd8912ecae9c7df4e85284c0245",
    "https://bcr.bazel.build/modules/boost.filesystem/1.83.0/source.json": "f48d49a61dafcd3703b993787525feadde846aacbf262acad5b759d62bfe1aa6",
    "https://bcr.bazel.build/modules/boost.function/1.83.0/MODULE.bazel": "fa8cf838f76289180210f17e5f5effb51b91ce0be0a2cc72a2b134e53006bbd6",
    "https://bcr.bazel.build/modules/boost.function/1.83.0/source.json": "88794e020c61e6dcd2a8235c83e21c81449d59a8d9eadec242d24aedc4448301",
    "https://bcr.bazel.build/modules/boost.function_types/1.83.0/MODULE.bazel": "8974442d5a0929ef7df5f63fa5d49221b2274cd19f2be0ca91b99d2538b74d64",
    "https://bcr.bazel.build/modules/boost.function_types/1.83.0/source.json": "a4296d60b8aa4f21ba183f8c316206dc999319d99e4760bfa04f38539c66611b",
    "https://bcr.bazel.build/modules/boost.functional/1.83.0/MODULE.bazel": "f6c5ec6684a05d5c235a9141a417c1c18eee1af1783a30f7f3f19bd3020f128b",
    "https://bcr.bazel.build/modules/boost.functional/1.83.0/source.json": "6804d8d37c66e1c4e2733dda46fb69d386495a030174741010cf7939ec928ba7",
    "https://bcr.bazel.build/modules/boost.fusion/1.83.0/MODULE.bazel": "394a7dd5bb57baad66c30db1cf871c2b7d05129637945c04c3b26e11bd0cb4de",
    "https://bcr.bazel.build/modules/boost.fusion/1.83.0/source.json": "fc7e84f85a35945b86f8fbefd857a0e05b7a06494af911bff00fad015b0eacf2",
    "https://bcr.bazel.build/modules/boost.integer/1.83.0/MODULE.bazel": "2bbbc2e0e01f901ce84ef66859635e3ad0b645eeb3a133e243af8e750f4db54d",
    "https://bcr.bazel.build/modules/boost.integer/1.83.0/source.json": "0644ddcc8d7ec9f4b27e7c9b1121b767add7aad629f1b6f92bd26ed7231fc8b9",
    "https://bcr.bazel.build/modules/boost.intrusive/1.83.0/MODULE.bazel": "fdbc22493748299ca9fe6595ce7eaba89af53e4bf2f8c88a293b3a621fd78bbf",
    "https://bcr.bazel.build/modules/boost.intrusive/1.83.0/source.json": "05a55b8d45cbce4166307d286d9211121a545002816d6a732c9514451273b22a",
    "https://bcr.bazel.build/modules/boost.io/1.83.0/MODULE.bazel": "47457a879a81af920b096b76affd242f898fdf406aec12c62c6772a84aa0e0a0",
    "https://bcr.bazel.build/modules/boost.io/1.83.0/source.json": "e46f89af785da1dd0e9579652f6df8c7591798d4debc77055b402d5fcd2cc8c8",
    "https://bcr.bazel.build/modules/boost.iterator/1.83.0/MODULE.bazel": "a526477248e085c73e8059708b61b9238536f923ede8c310e979aec4672f2e5d",
    "https://bcr.bazel.build/modules/boost.iterator/1.83.0/source.json": "a879f2847a6da258e236fcc0b82969d565192f966224080641f96ab68f3352d7",
    "https://bcr.bazel.build/modules/boost.lexical_cast/1.83.0/MODULE.bazel": "1fce041bd04f22c3fd1629703dbcbc053d9baa8c2ccc55e9c0e55b6b7fb88ab5",
    "https://bcr.bazel.build/modules/boost.lexical_cast/1.83.0/source.json": "f0ce2a4d6ed8dfbe2c2d0d035c178f4a360204af848cbc81c4839a091f0c7e07",
    "https://bcr.bazel.build/modules/boost.move/1.83.0/MODULE.bazel": "9294f124718b42857e0eabde467fd78b2b9f8844529749fc1ffe27bc44d23940",
    "https://bcr.bazel.build/modules/boost.move/1.83.0/source.json": "ae6a660d7cddc1cc5fab76ad95f01d762161d4c0c3f71fe97a3e2bdb577d5dc2",
    "https://bcr.bazel.build/modules/boost.mp11/1.83.0/MODULE.bazel": "5b47c08596fd8b0f1cf5e183b22012a8380bacbdf68535de0a469a26bcb32f47",
    "https://bcr.bazel.build/modules/boost.mp11/1.83.0/source.json": "c53c2b143c19150b27a27611887a3087cf4847182fe2ef1fdf3cfcd92784d862",
    "https://bcr.bazel.build/modules/boost.mpl/1.83.0/MODULE.bazel": "3110db5c9c5000140076797d61592f8abffd50e91e04a153ee24bf47d30e38ec",
    "https://bcr.bazel.build/modules/boost.mpl/1.83.0/source.json": "5ca2457d6b8347ab79403fd29ec823db7fe29505ccf44b422a619d5efb5d4e23",
    "https://bcr.bazel.build/modules/boost.numeric_conversion/1.83.0/MODULE.bazel": "34fbcfe4eab607de5285b543f63142042f98c0895d765476f251c7bb45acf33d",
    "https://bcr.bazel.build/modules/boost.numeric_conversion/1.83.0/source.json": "1bd2a8a7fd4595a0c9050ca5d7a4eedb231d2dfdd95f3255c80d564393c8efa0",
    "https://bcr.bazel.build/modules/boost.optional/1.83.0/MODULE.bazel": "d2d9c9afa139aa075212e451570aee269d73d5ccda31ab0ab33a9a4b406c0cf7",
    "https://bcr.bazel.build/modules/boost.optional/1.83.0/source.json": "5c5ced4da217276fbf9cb55850abdaddbeceef2e283a0cc585d192546d3c421d",
    "https://bcr.bazel.build/modules/boost.phoenix/1.83.0/MODULE.bazel": "6a478c19f1fe84e664a4210ee1b2355aee4bce49457669eb5cbdbb9f568375a1",
    "https://bcr.bazel.build/modules/boost.phoenix/1.83.0/source.json": "38913ac8678eb28777416c09a46cfa3d42fe50cd89cad4b9dee094e84356c582",
    "https://bcr.bazel.build/modules/boost.pool/1.83.0/MODULE.bazel": "f359d4bfcf1308727ab10c2ba72adb57f4088ee7e98d711439a489e428060131",
    "https://bcr.bazel.build/modules/boost.pool/1.83.0/source.json": "2e7720e5478f3f63c9cae6cd9d5c4a1a0e5973c2ab40dc4454dc9cfd18ed9410",
    "https://bcr.bazel.build/modules/boost.predef/1.83.0/MODULE.bazel": "7bfd5416496b14c32e0684e57e47b8452fc5fe0e4afad294b31c2140b1d73dc8",
    "https://bcr.bazel.build/modules/boost.predef/1.83.0/source.json": "99b02a7b0eed6d1307339ae074ab7b54c7cbd133c58f02db6797eceb359a7b67",
    "https://bcr.bazel.build/modules/boost.preprocessor/1.83.0/MODULE.bazel": "5d1096729ebd16d2679c798110c0896720be23959c59afa36547d04815e255c8",
    "https://bcr.bazel.build/modules/boost.preprocessor/1.83.0/source.json": "b15f9331e16341c6d10a29a14fc03e8720c46fa7d99baf001bb3ae025d4810e6",
    "https://bcr.bazel.build/modules/boost.program_options/1.83.0/MODULE.bazel": "3728681a72b54ba531e724fb1d621260674bf4ffb4d7cfe351db91fe2ccf1ee2",
    "https://bcr.bazel.build/modules/boost.program_options/1.83.0/source.json": "e368413b43013d1849e56671a0bc53913b7114e7da195d3830b317c433592ce3",
    "https://bcr.bazel.build/modules/boost.proto/1.83.0/MODULE.bazel": "46524b10de4e0c3ed85d5288d0a027e27b4350778ef7741bfbc2b474d9c397c5",
    "https://bcr.bazel.build/modules/boost.proto/1.83.0/source.json": "e59c0c72a892eeea23289418a8d560d33189023ab20594986b9b1aacef99e881",
    "https://bcr.bazel.build/modules/boost.range/1.83.0/MODULE.bazel": "ceba0feb376949eecb77944bc37ac434261dede457fc449958164fca5d1430db",
    "https://bcr.bazel.build/modules/boost.range/1.83.0/source.json": "3d57823c5b8abbf47c26b3fe3405c8edcf2653fd93abe9e47661cd30b2aba2e6",
    "https://bcr.bazel.build/modules/boost.ratio/1.83.0/MODULE.bazel": "cbf65cca9861e6bb22fc1951ffcc4874c1a5eac0c5031a0422539eec72e80510",
    "https://bcr.bazel.build/modules/boost.ratio/1.83.0/source.json": "a270b3871f0f37764aac864672de94217c3f1b542fb6477c7c91644ec534cc27",
    "https://bcr.bazel.build/modules/boost.rational/1.83.0/MODULE.bazel": "19dbe507b105d303bf5eabc284a75f50261c8399be227c1261881c02de511053",
    "https://bcr.bazel.build/modules/boost.rational/1.83.0/source.json": "3cf4d2c1e6d3dd8ae7f5111b60520baa082719b0cba4eb8e4109eae48be9ca51",
    "https://bcr.bazel.build/modules/boost.regex/1.83.0/MODULE.bazel": "75a260515a22080dc48aa02fd6dc1aa6bc42695dd7c6a449f37343cd0ea9b018",
    "https://bcr.bazel.build/modules/boost.regex/1.83.0/source.json": "91ac8bbb5febe61d279cb58961afa4443d4e4146374331a13819939a9b140420",
    "https://bcr.bazel.build/modules/boost.smart_ptr/1.83.0/MODULE.bazel": "67537f1bcdf50ab51ad79d9ac4e089018a7ebad1a2d362efcc54f5fc5ba45bd4",
    "https://bcr.bazel.build/modules/boost.smart_ptr/1.83.0/source.json": "18a878880b4ccd1e475a9390e18646fc3d3009131cb43bb54124a5c55b9479aa",
    "https://bcr.bazel.build/modules/boost.spirit/1.83.0/MODULE.bazel": "5d3e3a0d6e1b647ecbaa0cad962e4fae652da0c0c7714d91926a94a542d55d19",
    "https://bcr.bazel.build/modules/boost.spirit/1.83.0/source.json": "6197309706c402808430b72e68166457bc74ea34157edf0eb8c4e3d7614c2f18",
    "https://bcr.bazel.build/modules/boost.static_assert/1.83.0/MODULE.bazel": "680325e3252ae8306555bcf0539d16dcf9ccf9656d8781dfa3449a554d8da016",
    "https://bcr.bazel.build/modules/boost.static_assert/1.83.0/source.json": "cca71a868d35bbc1adfeb25cb2c1bbc61b701e56523e05782d517bf3444b964c",
    "https://bcr.bazel.build/modules/boost.system/1.83.0/MODULE.bazel": "76354b72be5998bb286e9a4d8e439a04c5b29ebd0e51bfe669258dcd5c3a8c4f",
    "https://bcr.bazel.build/modules/boost.system/1.83.0/source.json": "3fbc84c45cbf732cde3913371a077e22ecd3f0096cffb003c24a9ac304988ee4",
    "https://bcr.bazel.build/modules/boost.thread/1.83.0/MODULE.bazel": "2a7aeda9b64b1f558638f5ec5f9dbb379fb1d5b0812fb9efcc87fdb7cac014c4",
    "https://bcr.bazel.build/modules/boost.thread/1.83.0/source.json": "0ed90e00e24acbe121154132d440f7c9fd8900588b41764cbab32621fa7384c9",
    "https://bcr.bazel.build/modules/boost.throw_exception/1.83.0/MODULE.bazel": "5df92502378293277ca48837e41f33805ede9e6165acefbf83d96b861919e56e",
    "https://bcr.bazel.build/modules/boost.throw_exception/1.83.0/source.json": "649e2bec56765779ac672fe8159d237284d8cc48321aa2bdb86b99cae876aa7f",
    "https://bcr.bazel.build/modules/boost.tokenizer/1.83.0/MODULE.bazel": "6501c3df8303a842740307b7c4443bb5d01d1ce10abf88d497d9607790bf1d23",
    "https://bcr.bazel.build/modules/boost.tokenizer/1.83.0/source.json": "57aa54da8b6ca096ed45a05c752cf68a343567b03e3c069a4f77f485e9389cb9",
    "https://bcr.bazel.build/modules/boost.tuple/1.83.0/MODULE.bazel": "96640d5e7abec507a5dd63a9f8a6f90e45bc02d7fed6a0fb51e5e869bba9fecd",
    "https://bcr.bazel.build/modules/boost.tuple/1.83.0/source.json": "237f0a6165a06bc28cd4552a3680b98a5729ecdf2f1b69b32adec511346af377",
    "https://bcr.bazel.build/modules/boost.type_index/1.83.0/MODULE.bazel": "4a20d5f9bfa54b3bb7cdbcd558c8c81a5355221f385e0d02d536c1d94fb93595",
    "https://bcr.bazel.build/modules/boost.type_index/1.83.0/source.json": "440447f43077db369a6bae7824903eaec5f6b4375bb5d83c6aa40436669a0580",
    "https://bcr.bazel.build/modules/boost.type_traits/1.83.0/MODULE.bazel": "4a094b5ecac0d41b0c071455ec0b7384e74b54118b4861bd054d5d9ff521d748",
    "https://bcr.bazel.build/modules/boost.type_traits/1.83.0/source.json": "135d1759691116222477c11d859683cd45159bc068f51c7ee6658ea7987f572e",
    "https://bcr.bazel.build/modules/boost.typeof/1.83.0/MODULE.bazel": "da614fe02971fa4d77c33e94274d1d72ca7fae6ef3e94288f90064b1c8bb6278",
    "https://bcr.bazel.build/modules/boost.typeof/1.83.0/source.json": "c251099e0193a059b56916c6c4b03f19f81b61225d7a1e746f7be63392e56f36",
    "https://bcr.bazel.build/modules/boost.unordered/1.83.0/MODULE.bazel": "2fffc6c8bbb119a59561d40dc8add727636b778adb4b1df2a523cd1b1b2393ac",
    "https://bcr.bazel.build/modules/boost.unordered/1.83.0/source.json": "c1488a104633d662cd782a7afcd7278f55384eada175a1154c237fd70dbb175c",
    "https://bcr.bazel.build/modules/boost.utility/1.83.0/MODULE.bazel": "e122ee2a63d4e76dec8d2f81b13f95b7638fcbcd15f752610a3343f13bdb97fd",
    "https://bcr.bazel.build/modules/boost.utility/1.83.0/source.json": "4a01a71453f79c742003a1c58d1df975ad4fb49d1eaf629045fe0b0f41537b5a",
    "https://bcr.bazel.build/modules/boost.variant/1.83.0/MODULE.bazel": "df1ae537017f0570bf45af861ebec5fd2eab118b6b14268b98cec5049a5a2d04",
    "https://bcr.bazel.build/modules/boost.variant/1.83.0/source.json": "b40aace0919b9be199cf89ff179525488a1b4d5419e7756a8f91848d7285113c",
    "https://bcr.bazel.build/modules/boost.variant2/1.83.0/MODULE.bazel": "483c9fd260c0ff24177d8c54324dcff8784783ca37a710f90db8e7664b20fa8d",
    "https://bcr.bazel.build/modules/boost.variant2/1.83.0/source.json": "7898383e5af63e9813d19acdc7557a9ee0f3385fa53cbf7239882dd800dccbc2",
    "https://bcr.bazel.build/modules/boost.winapi/1.83.0/MODULE.bazel": "2521094214a0182fea27fb2551be0447611b0422fba98ab5cf66fe6fd0d00809",
    "https://bcr.bazel.build/modules/boost.winapi/1.83.0/source.json": "9ea22a6d3bd3e6512b4b469d0805add0a6df5d2e83da13becf4b08b5b108a548",
    "https://bcr.bazel.build/modules/buildozer/7.1.2/MODULE.bazel": "2e8dd40ede9c454042645fd8d8d0cd1527966aa5c919de86661e62953cd73d84",
    "https://bcr.bazel.build/modules/buildozer/7.1.2/source.json": "c9028a501d2db85793a6996205c8de120944f50a0d570438fcae0457a5f9d1f8",
    "https://bcr.bazel.build/modules/google_benchmark/1.8.2/MODULE.bazel": "a70cf1bba851000ba93b58ae2f6d76490a9feb74192e57ab8e8ff13c34ec50cb",
    "https://bcr.bazel.build/modules/googletest/1.11.0/MODULE.bazel": "3a83f095183f66345ca86aa13c58b59f9f94a2f81999c093d4eeaa2d262d12f4",
    "https://bcr.bazel.build/modules/googletest/1.14.0.bcr.1/MODULE.bazel": "22c31a561553727960057361aa33bf20fb2e98584bc4fec007906e27053f80c6",
    "https://bcr.bazel.build/modules/googletest/1.14.0.bcr.1/source.json": "41e9e129f80d8c8bf103a7acc337b76e54fad1214ac0a7084bf24f4cd924b8b4",
    "https://bcr.bazel.build/modules/googletest/1.14.0/MODULE.bazel": "cfbcbf3e6eac06ef9d85900f64424708cc08687d1b527f0ef65aa7517af8118f",
    "https://bcr.bazel.build/modules/jsoncpp/1.9.5/MODULE.bazel": "31271aedc59e815656f5736f282bb7509a97c7ecb43e927ac1a37966e0578075",
    "https://bcr.bazel.build/modules/jsoncpp/1.9.5/source.json": "4108ee5085dd2885a341c7fab149429db457b3169b86eb081fa245eadf69169d",
    "https://bcr.bazel.build/modules/libpfm/4.11.0/MODULE.bazel": "45061ff025b301940f1e30d2c16bea596c25b176c8b6b3087e92615adbd52902",
    "https://bcr.bazel.build/modules/platforms/0.0.10/MODULE.bazel": "8cb8efaf200bdeb2150d93e162c40f388529a25852b332cec879373771e48ed5",
    "https://bcr.bazel.build/modules/platforms/0.0.10/source.json": "f22828ff4cf021a6b577f1bf6341cb9dcd7965092a439f64fc1bb3b7a5ae4bd5",
    "https://bcr.bazel.build/modules/platforms/0.0.4/MODULE.bazel": "9b328e31ee156f53f3c416a64f8491f7eb731742655a47c9eec4703a71644aee",
    "https://bcr.bazel.build/modules/platforms/0.0.5/MODULE.bazel": "5733b54ea419d5eaf7997054bb55f6a1d0b5ff8aedf0176fef9eea44f3acda37",
    "https://bcr.bazel.build/modules/platforms/0.0.6/MODULE.bazel": "ad6eeef431dc52aefd2d77ed20a4b353f8ebf0f4ecdd26a807d2da5aa8cd0615",
    "https://bcr.bazel.build/modules/platforms/0.0.7/MODULE.bazel": "72fd4a0ede9ee5c021f6a8dd92b503e089f46c227ba2813ff183b71616034814",
    "https://bcr.bazel.build/modules/platforms/0.0.8/MODULE.bazel": "9f142c03e348f6d263719f5074b21ef3adf0b139ee4c5133e2aa35664da9eb2d",
    "https://bcr.bazel.build/modules/platforms/0.0.9/MODULE.bazel": "4a87a60c927b56ddd67db50c89acaa62f4ce2a1d2149ccb63ffd871d5ce29ebc",
    "https://bcr.bazel.build/modules/protobuf/21.7/MODULE.bazel": "a5a29bb89544f9b97edce05642fac225a808b5b7be74038ea3640fae2f8e66a7",
    "https://bcr.bazel.build/modules/protobuf/27.0/MODULE.bazel": "7873b60be88844a0a1d8f80b9d5d20cfbd8495a689b8763e76c6372998d3f64c",
    "https://bcr.bazel.build/modules/protobuf/27.1/MODULE.bazel": "703a7b614728bb06647f965264967a8ef1c39e09e8f167b3ca0bb1fd80449c0d",
    "https://bcr.bazel.build/modules/protobuf/29.0-rc2/MODULE.bazel": "6241d35983510143049943fc0d57937937122baf1b287862f9dc8590fc4c37df",
    "https://bcr.bazel.build/modules/protobuf/29.0/MODULE.bazel": "319dc8bf4c679ff87e71b1ccfb5a6e90a6dbc4693501d471f48662ac46d04e4e",
    "https://bcr.bazel.build/modules/protobuf/29.0/source.json": "b857f93c796750eef95f0d61ee378f3420d00ee1dd38627b27193aa482f4f981",
    "https://bcr.bazel.build/modules/protobuf/3.19.0/MODULE.bazel": "6b5fbb433f760a99a22b18b6850ed5784ef0e9928a72668b66e4d7ccd47db9b0",
    "https://bcr.bazel.build/modules/pybind11_bazel/2.11.1/MODULE.bazel": "88af1c246226d87e65be78ed49ecd1e6f5e98648558c14ce99176da041dc378e",
    "https://bcr.bazel.build/modules/pybind11_bazel/2.11.1/source.json": "be4789e951dd5301282729fe3d4938995dc4c1a81c2ff150afc9f1b0504c6022",
    "https://bcr.bazel.build/modules/re2/2023-09-01/MODULE.bazel": "cb3d511531b16cfc78a225a9e2136007a48cf8a677e4264baeab57fe78a80206",
    "https://bcr.bazel.build/modules/re2/2023-09-01/source.json": "e044ce89c2883cd957a2969a43e79f7752f9656f6b20050b62f90ede21ec6eb4",
    "https://bcr.bazel.build/modules/rules_android/0.1.1/MODULE.bazel": "48809ab0091b07ad0182defb787c4c5328bd3a278938415c00a7b69b50c4d3a8",
    "https://bcr.bazel.build/modules/rules_android/0.1.1/source.json": "e6986b41626ee10bdc864937ffb6d6bf275bb5b9c65120e6137d56e6331f089e",
    "https://bcr.bazel.build/modules/rules_cc/0.0.1/MODULE.bazel": "cb2aa0747f84c6c3a78dad4e2049c154f08ab9d166b1273835a8174940365647",
    "https://bcr.bazel.build/modules/rules_cc/0.0.10/MODULE.bazel": "ec1705118f7eaedd6e118508d3d26deba2a4e76476ada7e0e3965211be012002",
    "https://bcr.bazel.build/modules/rules_cc/0.0.13/MODULE.bazel": "0e8529ed7b323dad0775ff924d2ae5af7640b23553dfcd4d34344c7e7a867191",
    "https://bcr.bazel.build/modules/rules_cc/0.0.14/MODULE.bazel": "5e343a3aac88b8d7af3b1b6d2093b55c347b8eefc2e7d1442f7a02dc8fea48ac",
    "https://bcr.bazel.build/modules/rules_cc/0.0.15/MODULE.bazel": "6704c35f7b4a72502ee81f61bf88706b54f06b3cbe5558ac17e2e14666cd5dcc",
    "https://bcr.bazel.build/modules/rules_cc/0.0.16/MODULE.bazel": "7661303b8fc1b4d7f532e54e9d6565771fea666fbdf839e0a86affcd02defe87",
    "https://bcr.bazel.build/modules/rules_cc/0.0.17/MODULE.bazel": "2ae1d8f4238ec67d7185d8861cb0a2cdf4bc608697c331b95bf990e69b62e64a",
    "https://bcr.bazel.build/modules/rules_cc/0.0.17/source.json": "4db99b3f55c90ab28d14552aa0632533e3e8e5e9aea0f5c24ac0014282c2a7c5",
    "https://bcr.bazel.build/modules/rules_cc/0.0.2/MODULE.bazel": "6915987c90970493ab97393024c156ea8fb9f3bea953b2f3ec05c34f19b5695c",
    "https://bcr.bazel.build/modules/rules_cc/0.0.6/MODULE.bazel": "abf360251023dfe3efcef65ab9d56beefa8394d4176dd29529750e1c57eaa33f",
    "https://bcr.bazel.build/modules/rules_cc/0.0.8/MODULE.bazel": "964c85c82cfeb6f3855e6a07054fdb159aced38e99a5eecf7bce9d53990afa3e",
    "https://bcr.bazel.build/modules/rules_cc/0.0.9/MODULE.bazel": "836e76439f354b89afe6a911a7adf59a6b2518fafb174483ad78a2a2fde7b1c5",
    "https://bcr.bazel.build/modules/rules_foreign_cc/0.9.0/MODULE.bazel": "c9e8c682bf75b0e7c704166d79b599f93b72cfca5ad7477df596947891feeef6",
    "https://bcr.bazel.build/modules/rules_fuzzing/0.5.2/MODULE.bazel": "40c97d1144356f52905566c55811f13b299453a14ac7769dfba2ac38192337a8",
    "https://bcr.bazel.build/modules/rules_fuzzing/0.5.2/source.json": "c8b1e2c717646f1702290959a3302a178fb639d987ab61d548105019f11e527e",
    "https://bcr.bazel.build/modules/rules_java/4.0.0/MODULE.bazel": "5a78a7ae82cd1a33cef56dc578c7d2a46ed0dca12643ee45edbb8417899e6f74",
    "https://bcr.bazel.build/modules/rules_java/5.3.5/MODULE.bazel": "a4ec4f2db570171e3e5eb753276ee4b389bae16b96207e9d3230895c99644b86",
    "https://bcr.bazel.build/modules/rules_java/6.0.0/MODULE.bazel": "8a43b7df601a7ec1af61d79345c17b31ea1fedc6711fd4abfd013ea612978e39",
    "https://bcr.bazel.build/modules/rules_java/6.4.0/MODULE.bazel": "e986a9fe25aeaa84ac17ca093ef13a4637f6107375f64667a15999f77db6c8f6",
    "https://bcr.bazel.build/modules/rules_java/6.5.2/MODULE.bazel": "1d440d262d0e08453fa0c4d8f699ba81609ed0e9a9a0f02cd10b3e7942e61e31",
    "https://bcr.bazel.build/modules/rules_java/7.10.0/MODULE.bazel": "530c3beb3067e870561739f1144329a21c851ff771cd752a49e06e3dc9c2e71a",
    "https://bcr.bazel.build/modules/rules_java/7.12.2/MODULE.bazel": "579c505165ee757a4280ef83cda0150eea193eed3bef50b1004ba88b99da6de6",
    "https://bcr.bazel.build/modules/rules_java/7.2.0/MODULE.bazel": "06c0334c9be61e6cef2c8c84a7800cef502063269a5af25ceb100b192453d4ab",
    "https://bcr.bazel.build/modules/rules_java/7.3.2/MODULE.bazel": "50dece891cfdf1741ea230d001aa9c14398062f2b7c066470accace78e412bc2",
    "https://bcr.bazel.build/modules/rules_java/7.6.1/MODULE.bazel": "2f14b7e8a1aa2f67ae92bc69d1ec0fa8d9f827c4e17ff5e5f02e91caa3b2d0fe",
    "https://bcr.bazel.build/modules/rules_java/8.6.1/MODULE.bazel": "f4808e2ab5b0197f094cabce9f4b006a27766beb6a9975931da07099560ca9c2",
    "https://bcr.bazel.build/modules/rules_java/8.6.1/source.json": "f18d9ad3c4c54945bf422ad584fa6c5ca5b3116ff55a5b1bc77e5c1210be5960",
    "https://bcr.bazel.build/modules/rules_jvm_external/4.4.2/MODULE.bazel": "a56b85e418c83eb1839819f0b515c431010160383306d13ec21959ac412d2fe7",
    "https://bcr.bazel.build/modules/rules_jvm_external/5.1/MODULE.bazel": "33f6f999e03183f7d088c9be518a63467dfd0be94a11d0055fe2d210f89aa909",
    "https://bcr.bazel.build/modules/rules_jvm_external/5.2/MODULE.bazel": "d9351ba35217ad0de03816ef3ed63f89d411349353077348a45348b096615036",
    "https://bcr.bazel.build/modules/rules_jvm_external/5.3/MODULE.bazel": "bf93870767689637164657731849fb887ad086739bd5d360d90007a581d5527d",
    "https://bcr.bazel.build/modules/rules_jvm_external/6.1/MODULE.bazel": "75b5fec090dbd46cf9b7d8ea08cf84a0472d92ba3585b476f44c326eda8059c4",
    "https://bcr.bazel.build/modules/rules_jvm_external/6.3/MODULE.bazel": "c998e060b85f71e00de5ec552019347c8bca255062c990ac02d051bb80a38df0",
    "https://bcr.bazel.build/modules/rules_jvm_external/6.3/source.json": "6f5f5a5a4419ae4e37c35a5bb0a6ae657ed40b7abc5a5189111b47fcebe43197",
    "https://bcr.bazel.build/modules/rules_kotlin/1.9.0/MODULE.bazel": "ef85697305025e5a61f395d4eaede272a5393cee479ace6686dba707de804d59",
    "https://bcr.bazel.build/modules/rules_kotlin/1.9.6/MODULE.bazel": "d269a01a18ee74d0335450b10f62c9ed81f2321d7958a2934e44272fe82dcef3",
    "https://bcr.bazel.build/modules/rules_kotlin/1.9.6/source.json": "2faa4794364282db7c06600b7e5e34867a564ae91bda7cae7c29c64e9466b7d5",
    "https://bcr.bazel.build/modules/rules_license/0.0.3/MODULE.bazel": "627e9ab0247f7d1e05736b59dbb1b6871373de5ad31c3011880b4133cafd4bd0",
    "https://bcr.bazel.build/modules/rules_license/0.0.7/MODULE.bazel": "088fbeb0b6a419005b89cf93fe62d9517c0a2b8bb56af3244af65ecfe37e7d5d",
    "https://bcr.bazel.build/modules/rules_license/1.0.0/MODULE.bazel": "a7fda60eefdf3d8c827262ba499957e4df06f659330bbe6cdbdb975b768bb65c",
    "https://bcr.bazel.build/modules/rules_license/1.0.0/source.json": "a52c89e54cc311196e478f8382df91c15f7a2bfdf4c6cd0e2675cc2ff0b56efb",
    "https://bcr.bazel.build/modules/rules_pkg/0.7.0/MODULE.bazel": "df99f03fc7934a4737122518bb87e667e62d780b610910f0447665a7e2be62dc",
    "https://bcr.bazel.build/modules/rules_pkg/1.0.1/MODULE.bazel": "5b1df97dbc29623bccdf2b0dcd0f5cb08e2f2c9050aab1092fd39a41e82686ff",
    "https://bcr.bazel.build/modules/rules_pkg/1.0.1/source.json": "bd82e5d7b9ce2d31e380dd9f50c111d678c3bdaca190cb76b0e1c71b05e1ba8a",
    "https://bcr.bazel.build/modules/rules_proto/4.0.0/MODULE.bazel": "a7a7b6ce9bee418c1a760b3d84f83a299ad6952f9903c67f19e4edd964894e06",
    "https://bcr.bazel.build/modules/rules_proto/5.3.0-21.7/MODULE.bazel": "e8dff86b0971688790ae75528fe1813f71809b5afd57facb44dad9e8eca631b7",
    "https://bcr.bazel.build/modules/rules_proto/6.0.2/MODULE.bazel": "ce916b775a62b90b61888052a416ccdda405212b6aaeb39522f7dc53431a5e73",
    "https://bcr.bazel.build/modules/rules_proto/7.0.2/MODULE.bazel": "bf81793bd6d2ad89a37a40693e56c61b0ee30f7a7fdbaf3eabbf5f39de47dea2",
    "https://bcr.bazel.build/modules/rules_proto/7.0.2/source.json": "1e5e7260ae32ef4f2b52fd1d0de8d03b606a44c91b694d2f1afb1d3b28a48ce1",
    "https://bcr.bazel.build/modules/rules_python/0.10.2/MODULE.bazel": "cc82bc96f2997baa545ab3ce73f196d040ffb8756fd2d66125a530031cd90e5f",
    "https://bcr.bazel.build/modules/rules_python/0.23.1/MODULE.bazel": "49ffccf0511cb8414de28321f5fcf2a31312b47c40cc21577144b7447f2bf300",
    "https://bcr.bazel.build/modules/rules_python/0.25.0/MODULE.bazel": "72f1506841c920a1afec76975b35312410eea3aa7b63267436bfb1dd91d2d382",
    "https://bcr.bazel.build/modules/rules_python/0.28.0/MODULE.bazel": "cba2573d870babc976664a912539b320cbaa7114cd3e8f053c720171cde331ed",
    "https://bcr.bazel.build/modules/rules_python/0.31.0/MODULE.bazel": "93a43dc47ee570e6ec9f5779b2e64c1476a6ce921c48cc9a1678a91dd5f8fd58",
    "https://bcr.bazel.build/modules/rules_python/0.4.0/MODULE.bazel": "9208ee05fd48bf09ac60ed269791cf17fb343db56c8226a720fbb1cdf467166c",
    "https://bcr.bazel.build/modules/rules_python/0.40.0/MODULE.bazel": "9d1a3cd88ed7d8e39583d9ffe56ae8a244f67783ae89b60caafc9f5cf318ada7",
    "https://bcr.bazel.build/modules/rules_python/0.40.0/source.json": "939d4bd2e3110f27bfb360292986bb79fd8dcefb874358ccd6cdaa7bda029320",
    "https://bcr.bazel.build/modules/rules_shell/0.2.0/MODULE.bazel": "fda8a652ab3c7d8fee214de05e7a9916d8b28082234e8d2c0094505c5268ed3c",
    "https://bcr.bazel.build/modules/rules_shell/0.2.0/source.json": "7f27af3c28037d9701487c4744b5448d26537cc66cdef0d8df7ae85411f8de95",
    "https://bcr.bazel.build/modules/stardoc/0.5.1/MODULE.bazel": "1a05d92974d0c122f5ccf09291442580317cdd859f07a8655f1db9a60374f9f8",
    "https://bcr.bazel.build/modules/stardoc/0.5.3/MODULE.bazel": "c7f6948dae6999bf0db32c1858ae345f112cacf98f174c7a8bb707e41b974f1c",
    "https://bcr.bazel.build/modules/stardoc/0.5.6/MODULE.bazel": "c43dabc564990eeab55e25ed61c07a1aadafe9ece96a4efabb3f8bf9063b71ef",
    "https://bcr.bazel.build/modules/stardoc/0.7.0/MODULE.bazel": "05e3d6d30c099b6770e97da986c53bd31844d7f13d41412480ea265ac9e8079c",
    "https://bcr.bazel.build/modules/stardoc/0.7.1/MODULE.bazel": "3548faea4ee5dda5580f9af150e79d0f6aea934fc60c1cc50f4efdd9420759e7",
    "https://bcr.bazel.build/modules/stardoc/0.7.1/source.json": "b6500ffcd7b48cd72c29bb67bcac781e12701cc0d6d55d266a652583cfcdab01",
    "https://bcr.bazel.build/modules/upb/0.0.0-20220923-a547704/MODULE.bazel": "7298990c00040a0e2f121f6c32544bab27d4452f80d9ce51349b1a28f3005c43",
    "https://bcr.bazel.build/modules/zlib/1.2.11/MODULE.bazel": "07b389abc85fdbca459b69e2ec656ae5622873af3f845e1c9d80fe179f3effa0",
    "https://bcr.bazel.build/modules/zlib/1.3.1.bcr.3/MODULE.bazel": "af322bc08976524477c79d1e45e241b6efbeb918c497e8840b8ab116802dda79",
    "https://bcr.bazel.build/modules/zlib/1.3.1.bcr.3/source.json": "2be409ac3c7601245958cd4fcdff4288be79ed23bd690b4b951f500d54ee6e7d",
    "https://bcr.bazel.build/modules/zlib/1.3.1/MODULE.bazel": "751c9940dcfe869f5f7274e1295422a34623555916eb98c174c1e945594bf198"
  },
  "selectedYankedVersions": {},
  "moduleExtensions": {
    "@@platforms//host:extension.bzl%host_platform": {
      "general": {
        "bzlTransitiveDigest": "xelQcPZH8+tmuOHVjL9vDxMnnQNMlwj0SlvgoqBkm4U=",
        "usagesDigest": "SeQiIN/f8/Qt9vYQk7qcXp4I4wJeEC0RnQDiaaJ4tb8=",
        "recordedFileInputs": {},
        "recordedDirentsInputs": {},
        "envVariables": {},
        "generatedRepoSpecs": {
          "host_platform": {
            "repoRuleId": "@@platforms//host:extension.bzl%host_platform_repo",
            "attributes": {}
          }
        },
        "recordedRepoMappingEntries": []
      }
    },
    "@@rules_java+//java:rules_java_deps.bzl%compatibility_proxy": {
      "general": {
        "bzlTransitiveDigest": "84xJEZ1jnXXwo8BXMprvBm++rRt4jsTu9liBxz0ivps=",
        "usagesDigest": "jTQDdLDxsS43zuRmg1faAjIEPWdLAbDAowI1pInQSoo=",
        "recordedFileInputs": {},
        "recordedDirentsInputs": {},
        "envVariables": {},
        "generatedRepoSpecs": {
          "compatibility_proxy": {
            "repoRuleId": "@@rules_java+//java:rules_java_deps.bzl%_compatibility_proxy_repo_rule",
            "attributes": {}
          }
        },
        "recordedRepoMappingEntries": [
          [
            "rules_java+",
            "bazel_tools",
            "bazel_tools"
          ]
        ]
      }
    },
    "@@rules_kotlin+//src/main/starlark/core/repositories:bzlmod_setup.bzl%rules_kotlin_extensions": {
      "general": {
        "bzlTransitiveDigest": "sFhcgPbDQehmbD1EOXzX4H1q/CD5df8zwG4kp4jbvr8=",
        "usagesDigest": "QI2z8ZUR+mqtbwsf2fLqYdJAkPOHdOV+tF2yVAUgRzw=",
        "recordedFileInputs": {},
        "recordedDirentsInputs": {},
        "envVariables": {},
        "generatedRepoSpecs": {
          "com_github_jetbrains_kotlin_git": {
            "repoRuleId": "@@rules_kotlin+//src/main/starlark/core/repositories:compiler.bzl%kotlin_compiler_git_repository",
            "attributes": {
              "urls": [
                "https://github.com/JetBrains/kotlin/releases/download/v1.9.23/kotlin-compiler-1.9.23.zip"
              ],
              "sha256": "93137d3aab9afa9b27cb06a824c2324195c6b6f6179d8a8653f440f5bd58be88"
            }
          },
          "com_github_jetbrains_kotlin": {
            "repoRuleId": "@@rules_kotlin+//src/main/starlark/core/repositories:compiler.bzl%kotlin_capabilities_repository",
            "attributes": {
              "git_repository_name": "com_github_jetbrains_kotlin_git",
              "compiler_version": "1.9.23"
            }
          },
          "com_github_google_ksp": {
            "repoRuleId": "@@rules_kotlin+//src/main/starlark/core/repositories:ksp.bzl%ksp_compiler_plugin_repository",
            "attributes": {
              "urls": [
                "https://github.com/google/ksp/releases/download/1.9.23-1.0.20/artifacts.zip"
              ],
              "sha256": "ee0618755913ef7fd6511288a232e8fad24838b9af6ea73972a76e81053c8c2d",
              "strip_version": "1.9.23-1.0.20"
            }
          },
          "com_github_pinterest_ktlint": {
            "repoRuleId": "@@bazel_tools//tools/build_defs/repo:http.bzl%http_file",
            "attributes": {
              "sha256": "01b2e0ef893383a50dbeb13970fe7fa3be36ca3e83259e01649945b09d736985",
              "urls": [
                "https://github.com/pinterest/ktlint/releases/download/1.3.0/ktlint"
              ],
              "executable": true
            }
          },
          "rules_android": {
            "repoRuleId": "@@bazel_tools//tools/build_defs/repo:http.bzl%http_archive",
            "attributes": {
              "sha256": "cd06d15dd8bb59926e4d65f9003bfc20f9da4b2519985c27e190cddc8b7a7806",
              "strip_prefix": "rules_android-0.1.1",
              "urls": [
                "https://github.com/bazelbuild/rules_android/archive/v0.1.1.zip"
              ]
            }
          }
        },
        "recordedRepoMappingEntries": [
          [
            "rules_kotlin+",
            "bazel_tools",
            "bazel_tools"
          ]
        ]
      }
    }
  }
}
